{
    "name": "lil-xgui",
    "version": "0.1.0",
    "lockfileVersion": 3,
    "requires": true,
    "packages": {
        "": {
            "name": "lil-xgui",
            "version": "0.1.0",
            "license": "MIT",
            "dependencies": {
                "lil-gui": "^0.20.0",
                "lil-xgui": "^0.1.0"
            },
            "devDependencies": {}
        },
        "node_modules/lil-gui": {
            "version": "0.20.0",
            "resolved": "https://registry.npmjs.org/lil-gui/-/lil-gui-0.20.0.tgz",
            "integrity": "sha512-k7Ipr0ztqslMA2XvM5z5ZaWhxQtnEOwJBfI/hmSuRh6q4iMG9L0boqqrnZSzBR1jzyJ28OMl47l65ILzRe1TdA==",
            "license": "MIT"
        },
        "node_modules/lil-xgui": {
            "version": "0.1.0",
            "resolved": "https://registry.npmjs.org/lil-xgui/-/lil-xgui-0.1.0.tgz",
            "integrity": "sha512-GLbWj8cS6Z9Xj6s+nwxMrSbvgRaeP+62KcCgrxNaYe0hmZkljgqJlAc86MYTWQiu5h+OzZceACfjiskyftx9ag==",
            "license": "MIT",
            "dependencies": {
                "lil-gui": "^0.20.0"
            }
        }
    }
}
